{
  "name": "example",
  "version": "1.0.0",
  "lockfileVersion": 2,
  "requires": true,
  "packages": {
    "": {
      "name": "example",
      "version": "1.0.0",
      "license": "MIT",
      "dependencies": {
        "argh": "^1.0.0",
        "axon": "^2.0.3",
        "diagnostics": "^2.0.2",
        "nanomsg": "^4.1.0"
      }
    },
    "node_modules/amp": {
      "version": "0.3.1",
      "resolved": "https://registry.npmjs.org/amp/-/amp-0.3.1.tgz",
      "integrity": "sha1-at+NWKdPNh6CwfqNOJwHnhOfxH0="
    },
    "node_modules/amp-message": {
      "version": "0.1.2",
      "resolved": "https://registry.npmjs.org/amp-message/-/amp-message-0.1.2.tgz",
      "integrity": "sha1-p48cmJlQh602GSpBKY5NtJ49/EU=",
      "dependencies": {
        "amp": "0.3.1"
      }
    },
    "node_modules/argh": {
      "version": "1.0.0",
      "resolved": "https://registry.npmjs.org/argh/-/argh-1.0.0.tgz",
      "integrity": "sha512-bU//DeNIzcvv7zukUh4OB0bIewqsiMsia6xSvHth43VOeLu6UEN9FZ4wRP2K+8WmHhTUXnfoAzj0rV/EcOa8Ig=="
    },
    "node_modules/axon": {
      "version": "2.0.3",
      "resolved": "https://registry.npmjs.org/axon/-/axon-2.0.3.tgz",
      "integrity": "sha1-kLyaMeMKz9rv95Wtp6uiLFEHlpI=",
      "dependencies": {
        "amp": "~0.3.1",
        "amp-message": "~0.1.1",
        "configurable": "0.0.1",
        "debug": "*",
        "escape-regexp": "0.0.1"
      },
      "engines": {
        "node": ">= 0.11.8"
      }
    },
    "node_modules/bindings": {
      "version": "1.2.1",
      "resolved": "https://registry.npmjs.org/bindings/-/bindings-1.2.1.tgz",
      "integrity": "sha1-FK1hE4EtLTfXLme0ystLtyZQXxE="
    },
    "node_modules/color": {
      "version": "3.0.0",
      "resolved": "https://registry.npmjs.org/color/-/color-3.0.0.tgz",
      "integrity": "sha512-jCpd5+s0s0t7p3pHQKpnJ0TpQKKdleP71LWcA0aqiljpiuAkOSUFN/dyH8ZwF0hRmFlrIuRhufds1QyEP9EB+w==",
      "dependencies": {
        "color-convert": "^1.9.1",
        "color-string": "^1.5.2"
      }
    },
    "node_modules/color-convert": {
      "version": "1.9.3",
      "resolved": "https://registry.npmjs.org/color-convert/-/color-convert-1.9.3.tgz",
      "integrity": "sha512-QfAUtd+vFdAtFQcC8CCyYt1fYWxSqAiK2cSD6zDB8N3cpsEBAvRxp9zOGg6G/SHHJYAT88/az/IuDGALsNVbGg==",
      "dependencies": {
        "color-name": "1.1.3"
      }
    },
    "node_modules/color-name": {
      "version": "1.1.3",
      "resolved": "https://registry.npmjs.org/color-name/-/color-name-1.1.3.tgz",
      "integrity": "sha1-p9BVi9icQveV3UIyj3QIMcpTvCU="
    },
    "node_modules/color-string": {
      "version": "1.6.0",
      "resolved": "https://registry.npmjs.org/color-string/-/color-string-1.6.0.tgz",
      "integrity": "sha512-c/hGS+kRWJutUBEngKKmk4iH3sD59MBkoxVapS/0wgpCz2u7XsNloxknyvBhzwEs1IbV36D9PwqLPJ2DTu3vMA==",
      "dependencies": {
        "color-name": "^1.0.0",
        "simple-swizzle": "^0.2.2"
      }
    },
    "node_modules/colorspace": {
      "version": "1.1.2",
      "resolved": "https://registry.npmjs.org/colorspace/-/colorspace-1.1.2.tgz",
      "integrity": "sha512-vt+OoIP2d76xLhjwbBaucYlNSpPsrJWPlBTtwCpQKIu6/CSMutyzX93O/Do0qzpH3YoHEes8YEFXyZ797rEhzQ==",
      "dependencies": {
        "color": "3.0.x",
        "text-hex": "1.0.x"
      }
    },
    "node_modules/configurable": {
      "version": "0.0.1",
      "resolved": "https://registry.npmjs.org/configurable/-/configurable-0.0.1.tgz",
      "integrity": "sha1-R9dbcntRtOuEwdra/j+CQDE4M7E="
    },
    "node_modules/debug": {
      "version": "3.1.0",
      "resolved": "https://registry.npmjs.org/debug/-/debug-3.1.0.tgz",
      "integrity": "sha512-OX8XqP7/1a9cqkxYw2yXss15f26NKWBpDXQd0/uK/KPqdQhxbPa994hnzjcE2VqQpDslf55723cKPUOGSmMY3g==",
      "dependencies": {
        "ms": "2.0.0"
      }
    },
    "node_modules/diagnostics": {
      "version": "2.0.2",
      "resolved": "https://registry.npmjs.org/diagnostics/-/diagnostics-2.0.2.tgz",
      "integrity": "sha512-gvnlQHwkWTOeSM1iRNEwPcUuUwlhovzbuQzalKrTbcJhI5cvhtkRVZZqomwZt4pCl2dvbsugD6yyu+66rtMy3Q==",
      "dependencies": {
        "colorspace": "1.1.x",
        "enabled": "2.0.x",
        "kuler": "^2.0.0",
        "storage-engine": "3.0.x"
      }
    },
    "node_modules/enabled": {
      "version": "2.0.0",
      "resolved": "https://registry.npmjs.org/enabled/-/enabled-2.0.0.tgz",
      "integrity": "sha512-AKrN98kuwOzMIdAizXGI86UFBoo26CL21UM763y1h/GMSJ4/OHU9k2YlsmBpyScFo/wbLzWQJBMCW4+IO3/+OQ=="
    },
    "node_modules/escape-regexp": {
      "version": "0.0.1",
      "resolved": "https://registry.npmjs.org/escape-regexp/-/escape-regexp-0.0.1.tgz",
      "integrity": "sha1-9EvaEtRbvfnLf4Yu5+SCez3TIlQ="
    },
    "node_modules/eventemitter3": {
      "version": "4.0.7",
      "resolved": "https://registry.npmjs.org/eventemitter3/-/eventemitter3-4.0.7.tgz",
      "integrity": "sha512-8guHBZCwKnFhYdHr2ysuRWErTwhoN2X8XELRlrRwpmfeY2jjuUN4taQMsULKUVo1K4DvZl+0pgfyoysHxvmvEw=="
    },
    "node_modules/is-arrayish": {
      "version": "0.3.2",
      "resolved": "https://registry.npmjs.org/is-arrayish/-/is-arrayish-0.3.2.tgz",
      "integrity": "sha512-eVRqCvVlZbuw3GrM63ovNSNAeA1K16kaR/LRY/92w0zxQ5/1YzwblUX652i4Xs9RwAGjW9d9y6X88t8OaAJfWQ=="
    },
    "node_modules/kuler": {
      "version": "2.0.0",
      "resolved": "https://registry.npmjs.org/kuler/-/kuler-2.0.0.tgz",
      "integrity": "sha512-Xq9nH7KlWZmXAtodXDDRE7vs6DU1gTU8zYDHDiWLSip45Egwq3plLHzPn27NgvzL2r1LMPC1vdqh98sQxtqj4A=="
    },
    "node_modules/ms": {
      "version": "2.0.0",
      "resolved": "https://registry.npmjs.org/ms/-/ms-2.0.0.tgz",
      "integrity": "sha1-VgiurfwAvmwpAd9fmGF4jeDVl8g="
    },
    "node_modules/nan": {
      "version": "2.14.0",
      "resolved": "https://registry.npmjs.org/nan/-/nan-2.14.0.tgz",
      "integrity": "sha512-INOFj37C7k3AfaNTtX8RhsTw7qRy7eLET14cROi9+5HAVbbHuIWUHEauBv5qT4Av2tWasiTY1Jw6puUNqRJXQg=="
    },
    "node_modules/nanomsg": {
      "version": "4.1.0",
      "resolved": "https://registry.npmjs.org/nanomsg/-/nanomsg-4.1.0.tgz",
      "integrity": "sha512-R4bsxZAPnH4fbEj9pzCFnc6ySfLupy61yBCAJqh6FGK9BMR8D+5oc0Ceq/KjsKtoT1DwjfSchnDoChHX40WJSQ==",
      "hasInstallScript": true,
      "dependencies": {
        "bindings": "1.2.1",
        "nan": "2.14.0"
      }
    },
    "node_modules/simple-swizzle": {
      "version": "0.2.2",
      "resolved": "https://registry.npmjs.org/simple-swizzle/-/simple-swizzle-0.2.2.tgz",
      "integrity": "sha1-pNprY1/8zMoz9w0Xy5JZLeleVXo=",
      "dependencies": {
        "is-arrayish": "^0.3.1"
      }
    },
    "node_modules/storage-engine": {
      "version": "3.0.7",
      "resolved": "https://registry.npmjs.org/storage-engine/-/storage-engine-3.0.7.tgz",
      "integrity": "sha512-V/jJykpPdsyDImLwu19syIAWn/Tb41tBDikQS+aQPH2h2OgqdLxwOg7wI9nPH3Y0Mh1ce566JZl2u+4eH1nAsg==",
      "hasInstallScript": true,
      "dependencies": {
        "enabled": "^2.0.0",
        "eventemitter3": "^4.0.0"
      }
    },
    "node_modules/text-hex": {
      "version": "1.0.0",
      "resolved": "https://registry.npmjs.org/text-hex/-/text-hex-1.0.0.tgz",
      "integrity": "sha512-uuVGNWzgJ4yhRaNSiubPY7OjISw4sw4E5Uv0wbjp+OzcbmVU/rsT8ujgcXJhn9ypzsgr5vlzpPqP+MBBKcGvbg=="
    }
  },
  "dependencies": {
    "amp": {
      "version": "0.3.1",
      "resolved": "https://registry.npmjs.org/amp/-/amp-0.3.1.tgz",
      "integrity": "sha1-at+NWKdPNh6CwfqNOJwHnhOfxH0="
    },
    "amp-message": {
      "version": "0.1.2",
      "resolved": "https://registry.npmjs.org/amp-message/-/amp-message-0.1.2.tgz",
      "integrity": "sha1-p48cmJlQh602GSpBKY5NtJ49/EU=",
      "requires": {
        "amp": "0.3.1"
      }
    },
    "argh": {
      "version": "1.0.0",
      "resolved": "https://registry.npmjs.org/argh/-/argh-1.0.0.tgz",
      "integrity": "sha512-bU//DeNIzcvv7zukUh4OB0bIewqsiMsia6xSvHth43VOeLu6UEN9FZ4wRP2K+8WmHhTUXnfoAzj0rV/EcOa8Ig=="
    },
    "axon": {
      "version": "2.0.3",
      "resolved": "https://registry.npmjs.org/axon/-/axon-2.0.3.tgz",
      "integrity": "sha1-kLyaMeMKz9rv95Wtp6uiLFEHlpI=",
      "requires": {
        "amp": "~0.3.1",
        "amp-message": "~0.1.1",
        "configurable": "0.0.1",
        "debug": "*",
        "escape-regexp": "0.0.1"
      }
    },
    "bindings": {
      "version": "1.2.1",
      "resolved": "https://registry.npmjs.org/bindings/-/bindings-1.2.1.tgz",
      "integrity": "sha1-FK1hE4EtLTfXLme0ystLtyZQXxE="
    },
    "color": {
      "version": "3.0.0",
      "resolved": "https://registry.npmjs.org/color/-/color-3.0.0.tgz",
      "integrity": "sha512-jCpd5+s0s0t7p3pHQKpnJ0TpQKKdleP71LWcA0aqiljpiuAkOSUFN/dyH8ZwF0hRmFlrIuRhufds1QyEP9EB+w==",
      "requires": {
        "color-convert": "^1.9.1",
        "color-string": "^1.5.2"
      }
    },
    "color-convert": {
      "version": "1.9.3",
      "resolved": "https://registry.npmjs.org/color-convert/-/color-convert-1.9.3.tgz",
      "integrity": "sha512-QfAUtd+vFdAtFQcC8CCyYt1fYWxSqAiK2cSD6zDB8N3cpsEBAvRxp9zOGg6G/SHHJYAT88/az/IuDGALsNVbGg==",
      "requires": {
        "color-name": "1.1.3"
      }
    },
    "color-name": {
      "version": "1.1.3",
      "resolved": "https://registry.npmjs.org/color-name/-/color-name-1.1.3.tgz",
      "integrity": "sha1-p9BVi9icQveV3UIyj3QIMcpTvCU="
    },
    "color-string": {
      "version": "1.6.0",
      "resolved": "https://registry.npmjs.org/color-string/-/color-string-1.6.0.tgz",
      "integrity": "sha512-c/hGS+kRWJutUBEngKKmk4iH3sD59MBkoxVapS/0wgpCz2u7XsNloxknyvBhzwEs1IbV36D9PwqLPJ2DTu3vMA==",
      "requires": {
        "color-name": "^1.0.0",
        "simple-swizzle": "^0.2.2"
      }
    },
    "colorspace": {
      "version": "1.1.2",
      "resolved": "https://registry.npmjs.org/colorspace/-/colorspace-1.1.2.tgz",
      "integrity": "sha512-vt+OoIP2d76xLhjwbBaucYlNSpPsrJWPlBTtwCpQKIu6/CSMutyzX93O/Do0qzpH3YoHEes8YEFXyZ797rEhzQ==",
      "requires": {
        "color": "3.0.x",
        "text-hex": "1.0.x"
      }
    },
    "configurable": {
      "version": "0.0.1",
      "resolved": "https://registry.npmjs.org/configurable/-/configurable-0.0.1.tgz",
      "integrity": "sha1-R9dbcntRtOuEwdra/j+CQDE4M7E="
    },
    "debug": {
      "version": "3.1.0",
      "resolved": "https://registry.npmjs.org/debug/-/debug-3.1.0.tgz",
      "integrity": "sha512-OX8XqP7/1a9cqkxYw2yXss15f26NKWBpDXQd0/uK/KPqdQhxbPa994hnzjcE2VqQpDslf55723cKPUOGSmMY3g==",
      "requires": {
        "ms": "2.0.0"
      }
    },
    "diagnostics": {
      "version": "2.0.2",
      "resolved": "https://registry.npmjs.org/diagnostics/-/diagnostics-2.0.2.tgz",
      "integrity": "sha512-gvnlQHwkWTOeSM1iRNEwPcUuUwlhovzbuQzalKrTbcJhI5cvhtkRVZZqomwZt4pCl2dvbsugD6yyu+66rtMy3Q==",
      "requires": {
        "colorspace": "1.1.x",
        "enabled": "2.0.x",
        "kuler": "^2.0.0",
        "storage-engine": "3.0.x"
      }
    },
    "enabled": {
      "version": "2.0.0",
      "resolved": "https://registry.npmjs.org/enabled/-/enabled-2.0.0.tgz",
      "integrity": "sha512-AKrN98kuwOzMIdAizXGI86UFBoo26CL21UM763y1h/GMSJ4/OHU9k2YlsmBpyScFo/wbLzWQJBMCW4+IO3/+OQ=="
    },
    "escape-regexp": {
      "version": "0.0.1",
      "resolved": "https://registry.npmjs.org/escape-regexp/-/escape-regexp-0.0.1.tgz",
      "integrity": "sha1-9EvaEtRbvfnLf4Yu5+SCez3TIlQ="
    },
    "eventemitter3": {
      "version": "4.0.7",
      "resolved": "https://registry.npmjs.org/eventemitter3/-/eventemitter3-4.0.7.tgz",
      "integrity": "sha512-8guHBZCwKnFhYdHr2ysuRWErTwhoN2X8XELRlrRwpmfeY2jjuUN4taQMsULKUVo1K4DvZl+0pgfyoysHxvmvEw=="
    },
    "is-arrayish": {
      "version": "0.3.2",
      "resolved": "https://registry.npmjs.org/is-arrayish/-/is-arrayish-0.3.2.tgz",
      "integrity": "sha512-eVRqCvVlZbuw3GrM63ovNSNAeA1K16kaR/LRY/92w0zxQ5/1YzwblUX652i4Xs9RwAGjW9d9y6X88t8OaAJfWQ=="
    },
    "kuler": {
      "version": "2.0.0",
      "resolved": "https://registry.npmjs.org/kuler/-/kuler-2.0.0.tgz",
      "integrity": "sha512-Xq9nH7KlWZmXAtodXDDRE7vs6DU1gTU8zYDHDiWLSip45Egwq3plLHzPn27NgvzL2r1LMPC1vdqh98sQxtqj4A=="
    },
    "ms": {
      "version": "2.0.0",
      "resolved": "https://registry.npmjs.org/ms/-/ms-2.0.0.tgz",
      "integrity": "sha1-VgiurfwAvmwpAd9fmGF4jeDVl8g="
    },
    "nan": {
      "version": "2.14.0",
      "resolved": "https://registry.npmjs.org/nan/-/nan-2.14.0.tgz",
      "integrity": "sha512-INOFj37C7k3AfaNTtX8RhsTw7qRy7eLET14cROi9+5HAVbbHuIWUHEauBv5qT4Av2tWasiTY1Jw6puUNqRJXQg=="
    },
    "nanomsg": {
      "version": "4.1.0",
      "resolved": "https://registry.npmjs.org/nanomsg/-/nanomsg-4.1.0.tgz",
      "integrity": "sha512-R4bsxZAPnH4fbEj9pzCFnc6ySfLupy61yBCAJqh6FGK9BMR8D+5oc0Ceq/KjsKtoT1DwjfSchnDoChHX40WJSQ==",
      "requires": {
        "bindings": "1.2.1",
        "nan": "2.14.0"
      }
    },
    "simple-swizzle": {
      "version": "0.2.2",
      "resolved": "https://registry.npmjs.org/simple-swizzle/-/simple-swizzle-0.2.2.tgz",
      "integrity": "sha1-pNprY1/8zMoz9w0Xy5JZLeleVXo=",
      "requires": {
        "is-arrayish": "^0.3.1"
      }
    },
    "storage-engine": {
      "version": "3.0.7",
      "resolved": "https://registry.npmjs.org/storage-engine/-/storage-engine-3.0.7.tgz",
      "integrity": "sha512-V/jJykpPdsyDImLwu19syIAWn/Tb41tBDikQS+aQPH2h2OgqdLxwOg7wI9nPH3Y0Mh1ce566JZl2u+4eH1nAsg==",
      "requires": {
        "enabled": "^2.0.0",
        "eventemitter3": "^4.0.0"
      }
    },
    "text-hex": {
      "version": "1.0.0",
      "resolved": "https://registry.npmjs.org/text-hex/-/text-hex-1.0.0.tgz",
      "integrity": "sha512-uuVGNWzgJ4yhRaNSiubPY7OjISw4sw4E5Uv0wbjp+OzcbmVU/rsT8ujgcXJhn9ypzsgr5vlzpPqP+MBBKcGvbg=="
    }
  }
}
